
Microsoft Visual Studio Solution File, Format Version 12.00
# Visual Studio Version 17
VisualStudioVersion = 17.2.32505.173
MinimumVisualStudioVersion = 10.0.40219.1
Project("{FAE04EC0-301F-11D3-BF4B-00C04F79EFBC}") = "RRHH", "RRHH\RRHH.csproj", "{5B8E799E-6B1F-4C33-B296-53BC19EC536F}"
EndProject
Global
	GlobalSection(SolutionConfigurationPlatforms) = preSolution
		Debug|Any CPU = Debug|Any CPU
		Release|Any CPU = Release|Any CPU
	EndGlobalSection
	GlobalSection(ProjectConfigurationPlatforms) = postSolution
		{5B8E799E-6B1F-4C33-B296-53BC19EC536F}.Debug|Any CPU.ActiveCfg = Debug|Any CPU
		{5B8E799E-6B1F-4C33-B296-53BC19EC536F}.Debug|Any CPU.Build.0 = Debug|Any CPU
		{5B8E799E-6B1F-4C33-B296-53BC19EC536F}.Release|Any CPU.ActiveCfg = Release|Any CPU
		{5B8E799E-6B1F-4C33-B296-53BC19EC536F}.Release|Any CPU.Build.0 = Release|Any CPU
	EndGlobalSection
	GlobalSection(SolutionProperties) = preSolution
		HideSolutionNode = FALSE
	EndGlobalSection
	GlobalSection(ExtensibilityGlobals) = postSolution
		SolutionGuid = {4618290D-8CD4-4D27-9264-71869FBEE6EA}
	EndGlobalSection
EndGlobal
